
Microsoft Visual Studio Solution File, Format Version 12.00
# Visual Studio 15
VisualStudioVersion = 15.0.28307.421
MinimumVisualStudioVersion = 10.0.40219.1
Project("{9A19103F-16F7-4668-BE54-9A1E7A4F7556}") = "Drive", "ECom\Drive.csproj", "{477F3C25-1216-4CAE-8B4E-0BB8BD8D992E}"
EndProject
Project("{FAE04EC0-301F-11D3-BF4B-00C04F79EFBC}") = "ShoppingCartServiceLib", "ShoppingCartServiceLib\ShoppingCartServiceLib.csproj", "{360A6BE0-FF95-4B77-920D-2CD28A25A786}"
EndProject
Project("{FAE04EC0-301F-11D3-BF4B-00C04F79EFBC}") = "ShoppingCartService.UnitTest", "ShoppingCartService.UnitTest\ShoppingCartService.UnitTest.csproj", "{0C7D9921-9C1C-484C-BFCB-18D785D0D96B}"
EndProject
Global
	GlobalSection(SolutionConfigurationPlatforms) = preSolution
		Debug|Any CPU = Debug|Any CPU
		Release|Any CPU = Release|Any CPU
	EndGlobalSection
	GlobalSection(ProjectConfigurationPlatforms) = postSolution
		{477F3C25-1216-4CAE-8B4E-0BB8BD8D992E}.Debug|Any CPU.ActiveCfg = Debug|Any CPU
		{477F3C25-1216-4CAE-8B4E-0BB8BD8D992E}.Debug|Any CPU.Build.0 = Debug|Any CPU
		{477F3C25-1216-4CAE-8B4E-0BB8BD8D992E}.Release|Any CPU.ActiveCfg = Release|Any CPU
		{477F3C25-1216-4CAE-8B4E-0BB8BD8D992E}.Release|Any CPU.Build.0 = Release|Any CPU
		{360A6BE0-FF95-4B77-920D-2CD28A25A786}.Debug|Any CPU.ActiveCfg = Debug|Any CPU
		{360A6BE0-FF95-4B77-920D-2CD28A25A786}.Debug|Any CPU.Build.0 = Debug|Any CPU
		{360A6BE0-FF95-4B77-920D-2CD28A25A786}.Release|Any CPU.ActiveCfg = Release|Any CPU
		{360A6BE0-FF95-4B77-920D-2CD28A25A786}.Release|Any CPU.Build.0 = Release|Any CPU
		{0C7D9921-9C1C-484C-BFCB-18D785D0D96B}.Debug|Any CPU.ActiveCfg = Debug|Any CPU
		{0C7D9921-9C1C-484C-BFCB-18D785D0D96B}.Debug|Any CPU.Build.0 = Debug|Any CPU
		{0C7D9921-9C1C-484C-BFCB-18D785D0D96B}.Release|Any CPU.ActiveCfg = Release|Any CPU
		{0C7D9921-9C1C-484C-BFCB-18D785D0D96B}.Release|Any CPU.Build.0 = Release|Any CPU
	EndGlobalSection
	GlobalSection(SolutionProperties) = preSolution
		HideSolutionNode = FALSE
	EndGlobalSection
	GlobalSection(ExtensibilityGlobals) = postSolution
		SolutionGuid = {4CE6D7DC-67DD-4869-A31A-F80AB9D1B227}
	EndGlobalSection
EndGlobal
